
Microsoft Visual Studio Solution File, Format Version 12.00
# Visual Studio Version 16
VisualStudioVersion = 16.0.29503.13
MinimumVisualStudioVersion = 10.0.40219.1
Project("{9A19103F-16F7-4668-BE54-9A1E7A4F7556}") = "MeetingManagement.Client", "MeetingManagement.Client\MeetingManagement.Client.csproj", "{12E28ABA-5A2D-406B-8E72-43D5463824A8}"
EndProject
Project("{9A19103F-16F7-4668-BE54-9A1E7A4F7556}") = "MeetingManagement.DL", "MeetingManagement.DL\MeetingManagement.DL.csproj", "{4710EED0-7D38-4069-B938-9BAFEE5E247B}"
EndProject
Project("{FAE04EC0-301F-11D3-BF4B-00C04F79EFBC}") = "MeetingManagement.Web", "MeetingManagement.Web\MeetingManagement.Web.csproj", "{5DCC4E7C-4A77-4010-B554-B62708483D49}"
EndProject
Global
	GlobalSection(SolutionConfigurationPlatforms) = preSolution
		Debug|Any CPU = Debug|Any CPU
		Release|Any CPU = Release|Any CPU
	EndGlobalSection
	GlobalSection(ProjectConfigurationPlatforms) = postSolution
		{12E28ABA-5A2D-406B-8E72-43D5463824A8}.Debug|Any CPU.ActiveCfg = Debug|Any CPU
		{12E28ABA-5A2D-406B-8E72-43D5463824A8}.Debug|Any CPU.Build.0 = Debug|Any CPU
		{12E28ABA-5A2D-406B-8E72-43D5463824A8}.Release|Any CPU.ActiveCfg = Release|Any CPU
		{12E28ABA-5A2D-406B-8E72-43D5463824A8}.Release|Any CPU.Build.0 = Release|Any CPU
		{4710EED0-7D38-4069-B938-9BAFEE5E247B}.Debug|Any CPU.ActiveCfg = Debug|Any CPU
		{4710EED0-7D38-4069-B938-9BAFEE5E247B}.Debug|Any CPU.Build.0 = Debug|Any CPU
		{4710EED0-7D38-4069-B938-9BAFEE5E247B}.Release|Any CPU.ActiveCfg = Release|Any CPU
		{4710EED0-7D38-4069-B938-9BAFEE5E247B}.Release|Any CPU.Build.0 = Release|Any CPU
		{5DCC4E7C-4A77-4010-B554-B62708483D49}.Debug|Any CPU.ActiveCfg = Debug|Any CPU
		{5DCC4E7C-4A77-4010-B554-B62708483D49}.Debug|Any CPU.Build.0 = Debug|Any CPU
		{5DCC4E7C-4A77-4010-B554-B62708483D49}.Release|Any CPU.ActiveCfg = Release|Any CPU
		{5DCC4E7C-4A77-4010-B554-B62708483D49}.Release|Any CPU.Build.0 = Release|Any CPU
	EndGlobalSection
	GlobalSection(SolutionProperties) = preSolution
		HideSolutionNode = FALSE
	EndGlobalSection
	GlobalSection(ExtensibilityGlobals) = postSolution
		SolutionGuid = {B3FC833F-7F63-42DA-8AF6-AE2F14BA6589}
	EndGlobalSection
EndGlobal
